
Microsoft Visual Studio Solution File, Format Version 12.00
# Visual Studio Version 17
VisualStudioVersion = 17.0.31903.59
MinimumVisualStudioVersion = 10.0.40219.1
Project("{FAE04EC0-301F-11D3-BF4B-00C04F79EFBC}") = "Core", "Core\Core.csproj", "{44C51A3E-EF31-4593-88F0-3560243EB0E9}"
EndProject
Project("{FAE04EC0-301F-11D3-BF4B-00C04F79EFBC}") = "Api", "Api\Api.csproj", "{FBA1CDC1-80F7-4209-8C6B-8AA167EA7BBC}"
EndProject
Global
	GlobalSection(SolutionConfigurationPlatforms) = preSolution
		Debug|Any CPU = Debug|Any CPU
		Release|Any CPU = Release|Any CPU
	EndGlobalSection
	GlobalSection(SolutionProperties) = preSolution
		HideSolutionNode = FALSE
	EndGlobalSection
	GlobalSection(ProjectConfigurationPlatforms) = postSolution
		{44C51A3E-EF31-4593-88F0-3560243EB0E9}.Debug|Any CPU.ActiveCfg = Debug|Any CPU
		{44C51A3E-EF31-4593-88F0-3560243EB0E9}.Debug|Any CPU.Build.0 = Debug|Any CPU
		{44C51A3E-EF31-4593-88F0-3560243EB0E9}.Release|Any CPU.ActiveCfg = Release|Any CPU
		{44C51A3E-EF31-4593-88F0-3560243EB0E9}.Release|Any CPU.Build.0 = Release|Any CPU
		{FBA1CDC1-80F7-4209-8C6B-8AA167EA7BBC}.Debug|Any CPU.ActiveCfg = Debug|Any CPU
		{FBA1CDC1-80F7-4209-8C6B-8AA167EA7BBC}.Debug|Any CPU.Build.0 = Debug|Any CPU
		{FBA1CDC1-80F7-4209-8C6B-8AA167EA7BBC}.Release|Any CPU.ActiveCfg = Release|Any CPU
		{FBA1CDC1-80F7-4209-8C6B-8AA167EA7BBC}.Release|Any CPU.Build.0 = Release|Any CPU
	EndGlobalSection
EndGlobal
